
Microsoft Visual Studio Solution File, Format Version 12.00
# Visual Studio Version 17
VisualStudioVersion = 17.9.34607.119
MinimumVisualStudioVersion = 10.0.40219.1
Project("{FAE04EC0-301F-11D3-BF4B-00C04F79EFBC}") = "PROYECTOFINAL", "PROYECTOFINAL\PROYECTOFINAL.csproj", "{C62F73FF-C27B-4CFC-86FF-99F5B6F9D552}"
EndProject
Global
	GlobalSection(SolutionConfigurationPlatforms) = preSolution
		Debug|Any CPU = Debug|Any CPU
		Release|Any CPU = Release|Any CPU
	EndGlobalSection
	GlobalSection(ProjectConfigurationPlatforms) = postSolution
		{C62F73FF-C27B-4CFC-86FF-99F5B6F9D552}.Debug|Any CPU.ActiveCfg = Debug|Any CPU
		{C62F73FF-C27B-4CFC-86FF-99F5B6F9D552}.Debug|Any CPU.Build.0 = Debug|Any CPU
		{C62F73FF-C27B-4CFC-86FF-99F5B6F9D552}.Release|Any CPU.ActiveCfg = Release|Any CPU
		{C62F73FF-C27B-4CFC-86FF-99F5B6F9D552}.Release|Any CPU.Build.0 = Release|Any CPU
	EndGlobalSection
	GlobalSection(SolutionProperties) = preSolution
		HideSolutionNode = FALSE
	EndGlobalSection
	GlobalSection(ExtensibilityGlobals) = postSolution
		SolutionGuid = {E7A2877C-8065-46DD-8CA8-AB00332E2727}
	EndGlobalSection
EndGlobal
